
Microsoft Visual Studio Solution File, Format Version 11.00
# Visual Studio 2010
Project("{FAE04EC0-301F-11D3-BF4B-00C04F79EFBC}") = "toyrobot", "toyrobot.csproj", "{CF1355F7-6907-435F-8147-FB08F879D91A}"
EndProject
Global
	GlobalSection(SolutionConfigurationPlatforms) = preSolution
		Debug|x86 = Debug|x86
		Release|x86 = Release|x86
	EndGlobalSection
	GlobalSection(ProjectConfigurationPlatforms) = postSolution
		{CF1355F7-6907-435F-8147-FB08F879D91A}.Debug|x86.ActiveCfg = Debug|x86
		{CF1355F7-6907-435F-8147-FB08F879D91A}.Debug|x86.Build.0 = Debug|x86
		{CF1355F7-6907-435F-8147-FB08F879D91A}.Release|x86.ActiveCfg = Release|x86
		{CF1355F7-6907-435F-8147-FB08F879D91A}.Release|x86.Build.0 = Release|x86
	EndGlobalSection
	GlobalSection(MonoDevelopProperties) = preSolution
		StartupItem = toyrobot.csproj
	EndGlobalSection
EndGlobal
